<?xml version="1.0" encoding="utf-8"?>
<Project ToolsVersion="4.0" xmlns="http://schemas.microsoft.com/developer/msbuild/2003">
  <ItemGroup>
    <Filter Include="Resource Files">
      <UniqueIdentifier>{67DA6AB6-F800-4c08-8B7A-83BB121AAD01}</UniqueIdentifier>
      <Extensions>rc;ico;cur;bmp;dlg;rc2;rct;bin;rgs;gif;jpg;jpeg;jpe;resx;tiff;tif;png;wav</Extensions>
    </Filter>
    <Filter Include="Interface">
      <UniqueIdentifier>{9744fd12-ba84-4c32-9896-49121cbc2bff}</UniqueIdentifier>
    </Filter>
    <Filter Include="Source">
      <UniqueIdentifier>{4f26a1d6-0e05-44b6-b7cf-dcee43312887}</UniqueIdentifier>
    </Filter>
  </ItemGroup>
  <ItemGroup>
    <ClInclude Include="include\BWTA\BaseLocation.h">
      <Filter>Interface</Filter>
    </ClInclude>
    <ClInclude Include="include\BWTA.h">
      <Filter>Interface</Filter>
    </ClInclude>
    <ClInclude Include="include\BWTA\Chokepoint.h">
      <Filter>Interface</Filter>
    </ClInclude>
    <ClInclude Include="include\BWTA\Polygon.h">
      <Filter>Interface</Filter>
    </ClInclude>
    <ClInclude Include="include\BWTA\RectangleArray.h">
      <Filter>Interface</Filter>
    </ClInclude>
    <ClInclude Include="include\BWTA\Region.h">
      <Filter>Interface</Filter>
    </ClInclude>
    <ClInclude Include="src\BaseLocationImpl.h">
      <Filter>Source</Filter>
    </ClInclude>
    <ClInclude Include="src\BWTA_Result.h">
      <Filter>Source</Filter>
    </ClInclude>
    <ClInclude Include="src\ChokepointImpl.h">
      <Filter>Source</Filter>
    </ClInclude>
    <ClInclude Include="src\Color.h">
      <Filter>Source</Filter>
    </ClInclude>
    <ClInclude Include="src\ConnectedComponent.h">
      <Filter>Source</Filter>
    </ClInclude>
    <ClInclude Include="src\extract_polygons.h">
      <Filter>Source</Filter>
    </ClInclude>
    <ClInclude Include="src\find_base_locations.h">
      <Filter>Source</Filter>
    </ClInclude>
    <ClInclude Include="src\functions.h">
      <Filter>Source</Filter>
    </ClInclude>
    <ClInclude Include="src\Globals.h">
      <Filter>Source</Filter>
    </ClInclude>
    <ClInclude Include="src\Graph.h">
      <Filter>Source</Filter>
    </ClInclude>
    <ClInclude Include="src\Heap.h">
      <Filter>Source</Filter>
    </ClInclude>
    <ClInclude Include="src\MapData.h">
      <Filter>Source</Filter>
    </ClInclude>
    <ClInclude Include="src\Node.h">
      <Filter>Source</Filter>
    </ClInclude>
    <ClInclude Include="src\RegionImpl.h">
      <Filter>Source</Filter>
    </ClInclude>
    <ClInclude Include="src\stdafx.h">
      <Filter>Source</Filter>
    </ClInclude>
    <ClInclude Include="src\targetver.h">
      <Filter>Source</Filter>
    </ClInclude>
    <ClInclude Include="src\terrain_analysis.h">
      <Filter>Source</Filter>
    </ClInclude>
    <ClInclude Include="src\VertexData.h">
      <Filter>Source</Filter>
    </ClInclude>
  </ItemGroup>
  <ItemGroup>
    <ClCompile Include="src\BaseLocationImpl.cpp">
      <Filter>Source</Filter>
    </ClCompile>
    <ClCompile Include="src\BWTA.cpp">
      <Filter>Source</Filter>
    </ClCompile>
    <ClCompile Include="src\BWTA_Result.cpp">
      <Filter>Source</Filter>
    </ClCompile>
    <ClCompile Include="src\calculate_connectivity.cpp">
      <Filter>Source</Filter>
    </ClCompile>
    <ClCompile Include="src\ChokepointImpl.cpp">
      <Filter>Source</Filter>
    </ClCompile>
    <ClCompile Include="src\ConnectedComponent.cpp">
      <Filter>Source</Filter>
    </ClCompile>
    <ClCompile Include="src\extract_polygons.cpp">
      <Filter>Source</Filter>
    </ClCompile>
    <ClCompile Include="src\find_base_locations.cpp">
      <Filter>Source</Filter>
    </ClCompile>
    <ClCompile Include="src\get_voronoi_edges.cpp">
      <Filter>Source</Filter>
    </ClCompile>
    <ClCompile Include="src\Graph.cpp">
      <Filter>Source</Filter>
    </ClCompile>
    <ClCompile Include="src\load_data.cpp">
      <Filter>Source</Filter>
    </ClCompile>
    <ClCompile Include="src\MapData.cpp">
      <Filter>Source</Filter>
    </ClCompile>
    <ClCompile Include="src\Node.cpp">
      <Filter>Source</Filter>
    </ClCompile>
    <ClCompile Include="src\pathfinding.cpp">
      <Filter>Source</Filter>
    </ClCompile>
    <ClCompile Include="src\Polygon.cpp">
      <Filter>Source</Filter>
    </ClCompile>
    <ClCompile Include="src\RegionImpl.cpp">
      <Filter>Source</Filter>
    </ClCompile>
    <ClCompile Include="src\stdafx.cpp">
      <Filter>Source</Filter>
    </ClCompile>
    <ClCompile Include="src\terrain_analysis.cpp">
      <Filter>Source</Filter>
    </ClCompile>
    <ClCompile Include="src\util.cpp">
      <Filter>Source</Filter>
    </ClCompile>
    <ClCompile Include="src\VertexData.cpp">
      <Filter>Source</Filter>
    </ClCompile>
  </ItemGroup>
</Project>